
Microsoft Visual Studio Solution File, Format Version 12.00
# Visual Studio Version 16
VisualStudioVersion = 16.0.29911.84
MinimumVisualStudioVersion = 10.0.40219.1
Project("{9A19103F-16F7-4668-BE54-9A1E7A4F7556}") = "AliaaCommon", "..\..\AliaaCommon\AliaaCommon\AliaaCommon.csproj", "{10666660-095D-4878-99CF-3E5CAB5B575A}"
EndProject
Project("{9A19103F-16F7-4668-BE54-9A1E7A4F7556}") = "EasyMongoNet.Definitions", "..\..\EasyMongoNet\Definitions\EasyMongoNet.Definitions.csproj", "{64B4C898-ECBB-49DB-93BF-6A0DA86CE833}"
EndProject
Project("{9A19103F-16F7-4668-BE54-9A1E7A4F7556}") = "EasyMongoNet.Driver", "..\..\EasyMongoNet\Driver\EasyMongoNet.Driver.csproj", "{F5445477-FC89-4BE1-BCD1-1783CD44D9DA}"
EndProject
Project("{9A19103F-16F7-4668-BE54-9A1E7A4F7556}") = "TciCommon.Models", "TciCommon.Models\TciCommon.Models.csproj", "{0F9B0D30-C93E-461B-BFC9-916D12318EDE}"
EndProject
Project("{9A19103F-16F7-4668-BE54-9A1E7A4F7556}") = "TciCommon.ServerUtils", "TciCommon.ServerUtils\TciCommon.ServerUtils.csproj", "{7D2F149D-407E-46BE-9638-153553C034F1}"
EndProject
Project("{FAE04EC0-301F-11D3-BF4B-00C04F79EFBC}") = "AliaaCommon.Asp", "..\..\AliaaCommon\AliaaCommon.Asp\AliaaCommon.Asp.csproj", "{40EE07AC-129E-4FBD-BA14-475124D72FB3}"
EndProject
Project("{9A19103F-16F7-4668-BE54-9A1E7A4F7556}") = "AliaaCommon.Server", "..\..\AliaaCommon\AliaaCommon.Server\AliaaCommon.Server.csproj", "{66C7A577-3326-4273-B671-311FD87843BF}"
EndProject
Project("{9A19103F-16F7-4668-BE54-9A1E7A4F7556}") = "AliaaCommon.Models", "..\..\AliaaCommon\AliaaCommon.Models\AliaaCommon.Models.csproj", "{FE10B953-D558-4D50-9C1A-0B17B0CD75FB}"
EndProject
Project("{FAE04EC0-301F-11D3-BF4B-00C04F79EFBC}") = "TciCommon.Asp", "TciCommon.Asp\TciCommon.Asp.csproj", "{048D24FF-8A41-42A3-B96B-22692550AB1A}"
EndProject
Global
	GlobalSection(SolutionConfigurationPlatforms) = preSolution
		Debug|Any CPU = Debug|Any CPU
		Release|Any CPU = Release|Any CPU
	EndGlobalSection
	GlobalSection(ProjectConfigurationPlatforms) = postSolution
		{10666660-095D-4878-99CF-3E5CAB5B575A}.Debug|Any CPU.ActiveCfg = Debug|Any CPU
		{10666660-095D-4878-99CF-3E5CAB5B575A}.Debug|Any CPU.Build.0 = Debug|Any CPU
		{10666660-095D-4878-99CF-3E5CAB5B575A}.Release|Any CPU.ActiveCfg = Release|Any CPU
		{10666660-095D-4878-99CF-3E5CAB5B575A}.Release|Any CPU.Build.0 = Release|Any CPU
		{64B4C898-ECBB-49DB-93BF-6A0DA86CE833}.Debug|Any CPU.ActiveCfg = Debug|Any CPU
		{64B4C898-ECBB-49DB-93BF-6A0DA86CE833}.Debug|Any CPU.Build.0 = Debug|Any CPU
		{64B4C898-ECBB-49DB-93BF-6A0DA86CE833}.Release|Any CPU.ActiveCfg = Release|Any CPU
		{64B4C898-ECBB-49DB-93BF-6A0DA86CE833}.Release|Any CPU.Build.0 = Release|Any CPU
		{F5445477-FC89-4BE1-BCD1-1783CD44D9DA}.Debug|Any CPU.ActiveCfg = Debug|Any CPU
		{F5445477-FC89-4BE1-BCD1-1783CD44D9DA}.Debug|Any CPU.Build.0 = Debug|Any CPU
		{F5445477-FC89-4BE1-BCD1-1783CD44D9DA}.Release|Any CPU.ActiveCfg = Release|Any CPU
		{F5445477-FC89-4BE1-BCD1-1783CD44D9DA}.Release|Any CPU.Build.0 = Release|Any CPU
		{0F9B0D30-C93E-461B-BFC9-916D12318EDE}.Debug|Any CPU.ActiveCfg = Debug|Any CPU
		{0F9B0D30-C93E-461B-BFC9-916D12318EDE}.Debug|Any CPU.Build.0 = Debug|Any CPU
		{0F9B0D30-C93E-461B-BFC9-916D12318EDE}.Release|Any CPU.ActiveCfg = Release|Any CPU
		{0F9B0D30-C93E-461B-BFC9-916D12318EDE}.Release|Any CPU.Build.0 = Release|Any CPU
		{7D2F149D-407E-46BE-9638-153553C034F1}.Debug|Any CPU.ActiveCfg = Debug|Any CPU
		{7D2F149D-407E-46BE-9638-153553C034F1}.Debug|Any CPU.Build.0 = Debug|Any CPU
		{7D2F149D-407E-46BE-9638-153553C034F1}.Release|Any CPU.ActiveCfg = Release|Any CPU
		{7D2F149D-407E-46BE-9638-153553C034F1}.Release|Any CPU.Build.0 = Release|Any CPU
		{40EE07AC-129E-4FBD-BA14-475124D72FB3}.Debug|Any CPU.ActiveCfg = Debug|Any CPU
		{40EE07AC-129E-4FBD-BA14-475124D72FB3}.Debug|Any CPU.Build.0 = Debug|Any CPU
		{40EE07AC-129E-4FBD-BA14-475124D72FB3}.Release|Any CPU.ActiveCfg = Release|Any CPU
		{40EE07AC-129E-4FBD-BA14-475124D72FB3}.Release|Any CPU.Build.0 = Release|Any CPU
		{66C7A577-3326-4273-B671-311FD87843BF}.Debug|Any CPU.ActiveCfg = Debug|Any CPU
		{66C7A577-3326-4273-B671-311FD87843BF}.Debug|Any CPU.Build.0 = Debug|Any CPU
		{66C7A577-3326-4273-B671-311FD87843BF}.Release|Any CPU.ActiveCfg = Release|Any CPU
		{66C7A577-3326-4273-B671-311FD87843BF}.Release|Any CPU.Build.0 = Release|Any CPU
		{FE10B953-D558-4D50-9C1A-0B17B0CD75FB}.Debug|Any CPU.ActiveCfg = Debug|Any CPU
		{FE10B953-D558-4D50-9C1A-0B17B0CD75FB}.Debug|Any CPU.Build.0 = Debug|Any CPU
		{FE10B953-D558-4D50-9C1A-0B17B0CD75FB}.Release|Any CPU.ActiveCfg = Release|Any CPU
		{FE10B953-D558-4D50-9C1A-0B17B0CD75FB}.Release|Any CPU.Build.0 = Release|Any CPU
		{048D24FF-8A41-42A3-B96B-22692550AB1A}.Debug|Any CPU.ActiveCfg = Debug|Any CPU
		{048D24FF-8A41-42A3-B96B-22692550AB1A}.Debug|Any CPU.Build.0 = Debug|Any CPU
		{048D24FF-8A41-42A3-B96B-22692550AB1A}.Release|Any CPU.ActiveCfg = Release|Any CPU
		{048D24FF-8A41-42A3-B96B-22692550AB1A}.Release|Any CPU.Build.0 = Release|Any CPU
	EndGlobalSection
	GlobalSection(SolutionProperties) = preSolution
		HideSolutionNode = FALSE
	EndGlobalSection
	GlobalSection(ExtensibilityGlobals) = postSolution
		SolutionGuid = {C78160E7-D239-4F4E-9B0F-B9DBB2C8D1AC}
	EndGlobalSection
EndGlobal
