
Microsoft Visual Studio Solution File, Format Version 12.00
# Visual Studio Version 16
VisualStudioVersion = 16.0.29911.84
MinimumVisualStudioVersion = 10.0.40219.1
Project("{FAE04EC0-301F-11D3-BF4B-00C04F79EFBC}") = "TciCommon", "TciCommon\TciCommon.csproj", "{731CA744-AAE5-493C-865C-650F424F7A1F}"
EndProject
Project("{9A19103F-16F7-4668-BE54-9A1E7A4F7556}") = "TciCommonStandard", "TciCommonStandard\TciCommonStandard.csproj", "{288489F0-59EF-4A17-AEB4-4ACD0EFF2E53}"
EndProject
Project("{9A19103F-16F7-4668-BE54-9A1E7A4F7556}") = "EasyMongoNet", "..\..\EasyMongoNet\EasyMongoNet.csproj", "{1E17D186-7D91-433C-874E-D103E40EDF05}"
EndProject
Project("{FAE04EC0-301F-11D3-BF4B-00C04F79EFBC}") = "AliaaCommon", "..\..\AliaaCommon\AliaaCommon\AliaaCommon.csproj", "{10666660-095D-4878-99CF-3E5CAB5B575A}"
EndProject
Global
	GlobalSection(SolutionConfigurationPlatforms) = preSolution
		Debug|Any CPU = Debug|Any CPU
		Release|Any CPU = Release|Any CPU
	EndGlobalSection
	GlobalSection(ProjectConfigurationPlatforms) = postSolution
		{731CA744-AAE5-493C-865C-650F424F7A1F}.Debug|Any CPU.ActiveCfg = Debug|Any CPU
		{731CA744-AAE5-493C-865C-650F424F7A1F}.Debug|Any CPU.Build.0 = Debug|Any CPU
		{731CA744-AAE5-493C-865C-650F424F7A1F}.Release|Any CPU.ActiveCfg = Release|Any CPU
		{731CA744-AAE5-493C-865C-650F424F7A1F}.Release|Any CPU.Build.0 = Release|Any CPU
		{288489F0-59EF-4A17-AEB4-4ACD0EFF2E53}.Debug|Any CPU.ActiveCfg = Debug|Any CPU
		{288489F0-59EF-4A17-AEB4-4ACD0EFF2E53}.Debug|Any CPU.Build.0 = Debug|Any CPU
		{288489F0-59EF-4A17-AEB4-4ACD0EFF2E53}.Release|Any CPU.ActiveCfg = Release|Any CPU
		{288489F0-59EF-4A17-AEB4-4ACD0EFF2E53}.Release|Any CPU.Build.0 = Release|Any CPU
		{1E17D186-7D91-433C-874E-D103E40EDF05}.Debug|Any CPU.ActiveCfg = Debug|Any CPU
		{1E17D186-7D91-433C-874E-D103E40EDF05}.Debug|Any CPU.Build.0 = Debug|Any CPU
		{1E17D186-7D91-433C-874E-D103E40EDF05}.Release|Any CPU.ActiveCfg = Release|Any CPU
		{1E17D186-7D91-433C-874E-D103E40EDF05}.Release|Any CPU.Build.0 = Release|Any CPU
		{10666660-095D-4878-99CF-3E5CAB5B575A}.Debug|Any CPU.ActiveCfg = Debug|Any CPU
		{10666660-095D-4878-99CF-3E5CAB5B575A}.Debug|Any CPU.Build.0 = Debug|Any CPU
		{10666660-095D-4878-99CF-3E5CAB5B575A}.Release|Any CPU.ActiveCfg = Release|Any CPU
		{10666660-095D-4878-99CF-3E5CAB5B575A}.Release|Any CPU.Build.0 = Release|Any CPU
	EndGlobalSection
	GlobalSection(SolutionProperties) = preSolution
		HideSolutionNode = FALSE
	EndGlobalSection
	GlobalSection(ExtensibilityGlobals) = postSolution
		SolutionGuid = {C78160E7-D239-4F4E-9B0F-B9DBB2C8D1AC}
	EndGlobalSection
EndGlobal
